// !$*UTF8*$!
{
	archiveVersion = 1;
	classes = {
	};
	objectVersion = 50;
	objects = {

/* Begin PBXBuildFile section */
		CA3B6095276B2F52009B78B0 /* AppDelegate.swift in Sources */ = {isa = PBXBuildFile; fileRef = CA3B6094276B2F52009B78B0 /* AppDelegate.swift */; };
		CA3B6097276B2F52009B78B0 /* SceneDelegate.swift in Sources */ = {isa = PBXBuildFile; fileRef = CA3B6096276B2F52009B78B0 /* SceneDelegate.swift */; };
		CA3B6099276B2F52009B78B0 /* ViewController.swift in Sources */ = {isa = PBXBuildFile; fileRef = CA3B6098276B2F52009B78B0 /* ViewController.swift */; };
		CA3B609C276B2F52009B78B0 /* Main.storyboard in Resources */ = {isa = PBXBuildFile; fileRef = CA3B609A276B2F52009B78B0 /* Main.storyboard */; };
		CA3B609E276B2F53009B78B0 /* Assets.xcassets in Resources */ = {isa = PBXBuildFile; fileRef = CA3B609D276B2F53009B78B0 /* Assets.xcassets */; };
		CA3B60A1276B2F53009B78B0 /* LaunchScreen.storyboard in Resources */ = {isa = PBXBuildFile; fileRef = CA3B609F276B2F53009B78B0 /* LaunchScreen.storyboard */; };
/* End PBXBuildFile section */

/* Begin PBXFileReference section */
		CA3B6091276B2F52009B78B0 /* Prototype-Scrol_Yousef_Albalwi.app */ = {isa = PBXFileReference; explicitFileType = wrapper.application; includeInIndex = 0; path = "Prototype-Scrol_Yousef_Albalwi.app"; sourceTree = BUILT_PRODUCTS_DIR; };
		CA3B6094276B2F52009B78B0 /* AppDelegate.swift */ = {isa = PBXFileReference; lastKnownFileType = sourcecode.swift; path = AppDelegate.swift; sourceTree = "<group>"; };
		CA3B6096276B2F52009B78B0 /* SceneDelegate.swift */ = {isa = PBXFileReference; lastKnownFileType = sourcecode.swift; path = SceneDelegate.swift; sourceTree = "<group>"; };
		CA3B6098276B2F52009B78B0 /* ViewController.swift */ = {isa = PBXFileReference; lastKnownFileType = sourcecode.swift; path = ViewController.swift; sourceTree = "<group>"; };
		CA3B609B276B2F52009B78B0 /* Base */ = {isa = PBXFileReference; lastKnownFileType = file.storyboard; name = Base; path = Base.lproj/Main.storyboard; sourceTree = "<group>"; };
		CA3B609D276B2F53009B78B0 /* Assets.xcassets */ = {isa = PBXFileReference; lastKnownFileType = folder.assetcatalog; path = Assets.xcassets; sourceTree = "<group>"; };
		CA3B60A0276B2F53009B78B0 /* Base */ = {isa = PBXFileReference; lastKnownFileType = file.storyboard; name = Base; path = Base.lproj/LaunchScreen.storyboard; sourceTree = "<group>"; };
		CA3B60A2276B2F53009B78B0 /* Info.plist */ = {isa = PBXFileReference; lastKnownFileType = text.plist.xml; path = Info.plist; sourceTree = "<group>"; };
/* End PBXFileReference section */

/* Begin PBXFrameworksBuildPhase section */
		CA3B608E276B2F52009B78B0 /* Frameworks */ = {
			isa = PBXFrameworksBuildPhase;
			buildActionMask = 2147483647;
			files = (
			);
			runOnlyForDeploymentPostprocessing = 0;
		};
/* End PBXFrameworksBuildPhase section */

/* Begin PBXGroup section */
		CA3B6088276B2F52009B78B0 = {
			isa = PBXGroup;
			children = (
				CA3B6093276B2F52009B78B0 /* Prototype-Scrol_Yousef_Albalwi */,
				CA3B6092276B2F52009B78B0 /* Products */,
			);
			sourceTree = "<group>";
		};
		CA3B6092276B2F52009B78B0 /* Products */ = {
			isa = PBXGroup;
			children = (
				CA3B6091276B2F52009B78B0 /* Prototype-Scrol_Yousef_Albalwi.app */,
			);
			name = Products;
			sourceTree = "<group>";
		};
		CA3B6093276B2F52009B78B0 /* Prototype-Scrol_Yousef_Albalwi */ = {
			isa = PBXGroup;
			children = (
				CA3B6094276B2F52009B78B0 /* AppDelegate.swift */,
				CA3B6096276B2F52009B78B0 /* SceneDelegate.swift */,
				CA3B6098276B2F52009B78B0 /* ViewController.swift */,
				CA3B609A276B2F52009B78B0 /* Main.storyboard */,
				CA3B609D276B2F53009B78B0 /* Assets.xcassets */,
				CA3B609F276B2F53009B78B0 /* LaunchScreen.storyboard */,
				CA3B60A2276B2F53009B78B0 /* Info.plist */,
			);
			path = "Prototype-Scrol_Yousef_Albalwi";
			sourceTree = "<group>";
		};
/* End PBXGroup section */

/* Begin PBXNativeTarget section */
		CA3B6090276B2F52009B78B0 /* Prototype-Scrol_Yousef_Albalwi */ = {
			isa = PBXNativeTarget;
			buildConfigurationList = CA3B60A5276B2F53009B78B0 /* Build configuration list for PBXNativeTarget "Prototype-Scrol_Yousef_Albalwi" */;
			buildPhases = (
				CA3B608D276B2F52009B78B0 /* Sources */,
				CA3B608E276B2F52009B78B0 /* Frameworks */,
				CA3B608F276B2F52009B78B0 /* Resources */,
			);
			buildRules = (
			);
			dependencies = (
			);
			name = "Prototype-Scrol_Yousef_Albalwi";
			productName = "Prototype-Scrol_Yousef_Albalwi";
			productReference = CA3B6091276B2F52009B78B0 /* Prototype-Scrol_Yousef_Albalwi.app */;
			productType = "com.apple.product-type.application";
		};
/* End PBXNativeTarget section */

/* Begin PBXProject section */
		CA3B6089276B2F52009B78B0 /* Project object */ = {
			isa = PBXProject;
			attributes = {
				LastSwiftUpdateCheck = 1250;
				LastUpgradeCheck = 1250;
				TargetAttributes = {
					CA3B6090276B2F52009B78B0 = {
						CreatedOnToolsVersion = 12.5;
					};
				};
			};
			buildConfigurationList = CA3B608C276B2F52009B78B0 /* Build configuration list for PBXProject "Prototype-Scrol_Yousef_Albalwi" */;
			compatibilityVersion = "Xcode 9.3";
			developmentRegion = en;
			hasScannedForEncodings = 0;
			knownRegions = (
				en,
				Base,
			);
			mainGroup = CA3B6088276B2F52009B78B0;
			productRefGroup = CA3B6092276B2F52009B78B0 /* Products */;
			projectDirPath = "";
			projectRoot = "";
			targets = (
				CA3B6090276B2F52009B78B0 /* Prototype-Scrol_Yousef_Albalwi */,
			);
		};
/* End PBXProject section */

/* Begin PBXResourcesBuildPhase section */
		CA3B608F276B2F52009B78B0 /* Resources */ = {
			isa = PBXResourcesBuildPhase;
			buildActionMask = 2147483647;
			files = (
				CA3B60A1276B2F53009B78B0 /* LaunchScreen.storyboard in Resources */,
				CA3B609E276B2F53009B78B0 /* Assets.xcassets in Resources */,
				CA3B609C276B2F52009B78B0 /* Main.storyboard in Resources */,
			);
			runOnlyForDeploymentPostprocessing = 0;
		};
/* End PBXResourcesBuildPhase section */

/* Begin PBXSourcesBuildPhase section */
		CA3B608D276B2F52009B78B0 /* Sources */ = {
			isa = PBXSourcesBuildPhase;
			buildActionMask = 2147483647;
			files = (
				CA3B6099276B2F52009B78B0 /* ViewController.swift in Sources */,
				CA3B6095276B2F52009B78B0 /* AppDelegate.swift in Sources */,
				CA3B6097276B2F52009B78B0 /* SceneDelegate.swift in Sources */,
			);
			runOnlyForDeploymentPostprocessing = 0;
		};
/* End PBXSourcesBuildPhase section */

/* Begin PBXVariantGroup section */
		CA3B609A276B2F52009B78B0 /* Main.storyboard */ = {
			isa = PBXVariantGroup;
			children = (
				CA3B609B276B2F52009B78B0 /* Base */,
			);
			name = Main.storyboard;
			sourceTree = "<group>";
		};
		CA3B609F276B2F53009B78B0 /* LaunchScreen.storyboard */ = {
			isa = PBXVariantGroup;
			children = (
				CA3B60A0276B2F53009B78B0 /* Base */,
			);
			name = LaunchScreen.storyboard;
			sourceTree = "<group>";
		};
/* End PBXVariantGroup section */

/* Begin XCBuildConfiguration section */
		CA3B60A3276B2F53009B78B0 /* Debug */ = {
			isa = XCBuildConfiguration;
			buildSettings = {
				ALWAYS_SEARCH_USER_PATHS = NO;
				CLANG_ANALYZER_NONNULL = YES;
				CLANG_ANALYZER_NUMBER_OBJECT_CONVERSION = YES_AGGRESSIVE;
				CLANG_CXX_LANGUAGE_STANDARD = "gnu++14";
				CLANG_CXX_LIBRARY = "libc++";
				CLANG_ENABLE_MODULES = YES;
				CLANG_ENABLE_OBJC_ARC = YES;
				CLANG_ENABLE_OBJC_WEAK = YES;
				CLANG_WARN_BLOCK_CAPTURE_AUTORELEASING = YES;
				CLANG_WARN_BOOL_CONVERSION = YES;
				CLANG_WARN_COMMA = YES;
				CLANG_WARN_CONSTANT_CONVERSION = YES;
				CLANG_WARN_DEPRECATED_OBJC_IMPLEMENTATIONS = YES;
				CLANG_WARN_DIRECT_OBJC_ISA_USAGE = YES_ERROR;
				CLANG_WARN_DOCUMENTATION_COMMENTS = YES;
				CLANG_WARN_EMPTY_BODY = YES;
				CLANG_WARN_ENUM_CONVERSION = YES;
				CLANG_WARN_INFINITE_RECURSION = YES;
				CLANG_WARN_INT_CONVERSION = YES;
				CLANG_WARN_NON_LITERAL_NULL_CONVERSION = YES;
				CLANG_WARN_OBJC_IMPLICIT_RETAIN_SELF = YES;
				CLANG_WARN_OBJC_LITERAL_CONVERSION = YES;
				CLANG_WARN_OBJC_ROOT_CLASS = YES_ERROR;
				CLANG_WARN_QUOTED_INCLUDE_IN_FRAMEWORK_HEADER = YES;
				CLANG_WARN_RANGE_LOOP_ANALYSIS = YES;
				CLANG_WARN_STRICT_PROTOTYPES = YES;
				CLANG_WARN_SUSPICIOUS_MOVE = YES;
				CLANG_WARN_UNGUARDED_AVAILABILITY = YES_AGGRESSIVE;
				CLANG_WARN_UNREACHABLE_CODE = YES;
				CLANG_WARN__DUPLICATE_METHOD_MATCH = YES;
				COPY_PHASE_STRIP = NO;
				DEBUG_INFORMATION_FORMAT = dwarf;
				ENABLE_STRICT_OBJC_MSGSEND = YES;
				ENABLE_TESTABILITY = YES;
				GCC_C_LANGUAGE_STANDARD = gnu11;
				GCC_DYNAMIC_NO_PIC = NO;
				GCC_NO_COMMON_BLOCKS = YES;
				GCC_OPTIMIZATION_LEVEL = 0;
				GCC_PREPROCESSOR_DEFINITIONS = (
					"DEBUG=1",
					"$(inherited)",
				);
				GCC_WARN_64_TO_32_BIT_CONVERSION = YES;
				GCC_WARN_ABOUT_RETURN_TYPE = YES_ERROR;
				GCC_WARN_UNDECLARED_SELECTOR = YES;
				GCC_WARN_UNINITIALIZED_AUTOS = YES_AGGRESSIVE;
				GCC_WARN_UNUSED_FUNCTION = YES;
				GCC_WARN_UNUSED_VARIABLE = YES;
				IPHONEOS_DEPLOYMENT_TARGET = 14.5;
				MTL_ENABLE_DEBUG_INFO = INCLUDE_SOURCE;
				MTL_FAST_MATH = YES;
				ONLY_ACTIVE_ARCH = YES;
				SDKROOT = iphoneos;
				SWIFT_ACTIVE_COMPILATION_CONDITIONS = DEBUG;
				SWIFT_OPTIMIZATION_LEVEL = "-Onone";
			};
			name = Debug;
		};
		CA3B60A4276B2F53009B78B0 /* Release */ = {
			isa = XCBuildConfiguration;
			buildSettings = {
				ALWAYS_SEARCH_USER_PATHS = NO;
				CLANG_ANALYZER_NONNULL = YES;
				CLANG_ANALYZER_NUMBER_OBJECT_CONVERSION = YES_AGGRESSIVE;
				CLANG_CXX_LANGUAGE_STANDARD = "gnu++14";
				CLANG_CXX_LIBRARY = "libc++";
				CLANG_ENABLE_MODULES = YES;
				CLANG_ENABLE_OBJC_ARC = YES;
				CLANG_ENABLE_OBJC_WEAK = YES;
				CLANG_WARN_BLOCK_CAPTURE_AUTORELEASING = YES;
				CLANG_WARN_BOOL_CONVERSION = YES;
				CLANG_WARN_COMMA = YES;
				CLANG_WARN_CONSTANT_CONVERSION = YES;
				CLANG_WARN_DEPRECATED_OBJC_IMPLEMENTATIONS = YES;
				CLANG_WARN_DIRECT_OBJC_ISA_USAGE = YES_ERROR;
				CLANG_WARN_DOCUMENTATION_COMMENTS = YES;
				CLANG_WARN_EMPTY_BODY = YES;
				CLANG_WARN_ENUM_CONVERSION = YES;
				CLANG_WARN_INFINITE_RECURSION = YES;
				CLANG_WARN_INT_CONVERSION = YES;
				CLANG_WARN_NON_LITERAL_NULL_CONVERSION = YES;
				CLANG_WARN_OBJC_IMPLICIT_RETAIN_SELF = YES;
				CLANG_WARN_OBJC_LITERAL_CONVERSION = YES;
				CLANG_WARN_OBJC_ROOT_CLASS = YES_ERROR;
				CLANG_WARN_QUOTED_INCLUDE_IN_FRAMEWORK_HEADER = YES;
				CLANG_WARN_RANGE_LOOP_ANALYSIS = YES;
				CLANG_WARN_STRICT_PROTOTYPES = YES;
				CLANG_WARN_SUSPICIOUS_MOVE = YES;
				CLANG_WARN_UNGUARDED_AVAILABILITY = YES_AGGRESSIVE;
				CLANG_WARN_UNREACHABLE_CODE = YES;
				CLANG_WARN__DUPLICATE_METHOD_MATCH = YES;
				COPY_PHASE_STRIP = NO;
				DEBUG_INFORMATION_FORMAT = "dwarf-with-dsym";
				ENABLE_NS_ASSERTIONS = NO;
				ENABLE_STRICT_OBJC_MSGSEND = YES;
				GCC_C_LANGUAGE_STANDARD = gnu11;
				GCC_NO_COMMON_BLOCKS = YES;
				GCC_WARN_64_TO_32_BIT_CONVERSION = YES;
				GCC_WARN_ABOUT_RETURN_TYPE = YES_ERROR;
				GCC_WARN_UNDECLARED_SELECTOR = YES;
				GCC_WARN_UNINITIALIZED_AUTOS = YES_AGGRESSIVE;
				GCC_WARN_UNUSED_FUNCTION = YES;
				GCC_WARN_UNUSED_VARIABLE = YES;
				IPHONEOS_DEPLOYMENT_TARGET = 14.5;
				MTL_ENABLE_DEBUG_INFO = NO;
				MTL_FAST_MATH = YES;
				SDKROOT = iphoneos;
				SWIFT_COMPILATION_MODE = wholemodule;
				SWIFT_OPTIMIZATION_LEVEL = "-O";
				VALIDATE_PRODUCT = YES;
			};
			name = Release;
		};
		CA3B60A6276B2F53009B78B0 /* Debug */ = {
			isa = XCBuildConfiguration;
			buildSettings = {
				ASSETCATALOG_COMPILER_APPICON_NAME = AppIcon;
				ASSETCATALOG_COMPILER_GLOBAL_ACCENT_COLOR_NAME = AccentColor;
				CODE_SIGN_STYLE = Automatic;
				DEVELOPMENT_TEAM = 8WY898MHLG;
				INFOPLIST_FILE = "Prototype-Scrol_Yousef_Albalwi/Info.plist";
				LD_RUNPATH_SEARCH_PATHS = (
					"$(inherited)",
					"@executable_path/Frameworks",
				);
				PRODUCT_BUNDLE_IDENTIFIER = "com.yousef.Prototype-Scrol-Yousef-Albalwi";
				PRODUCT_NAME = "$(TARGET_NAME)";
				SWIFT_VERSION = 5.0;
				TARGETED_DEVICE_FAMILY = "1,2";
			};
			name = Debug;
		};
		CA3B60A7276B2F53009B78B0 /* Release */ = {
			isa = XCBuildConfiguration;
			buildSettings = {
				ASSETCATALOG_COMPILER_APPICON_NAME = AppIcon;
				ASSETCATALOG_COMPILER_GLOBAL_ACCENT_COLOR_NAME = AccentColor;
				CODE_SIGN_STYLE = Automatic;
				DEVELOPMENT_TEAM = 8WY898MHLG;
				INFOPLIST_FILE = "Prototype-Scrol_Yousef_Albalwi/Info.plist";
				LD_RUNPATH_SEARCH_PATHS = (
					"$(inherited)",
					"@executable_path/Frameworks",
				);
				PRODUCT_BUNDLE_IDENTIFIER = "com.yousef.Prototype-Scrol-Yousef-Albalwi";
				PRODUCT_NAME = "$(TARGET_NAME)";
				SWIFT_VERSION = 5.0;
				TARGETED_DEVICE_FAMILY = "1,2";
			};
			name = Release;
		};
/* End XCBuildConfiguration section */

/* Begin XCConfigurationList section */
		CA3B608C276B2F52009B78B0 /* Build configuration list for PBXProject "Prototype-Scrol_Yousef_Albalwi" */ = {
			isa = XCConfigurationList;
			buildConfigurations = (
				CA3B60A3276B2F53009B78B0 /* Debug */,
				CA3B60A4276B2F53009B78B0 /* Release */,
			);
			defaultConfigurationIsVisible = 0;
			defaultConfigurationName = Release;
		};
		CA3B60A5276B2F53009B78B0 /* Build configuration list for PBXNativeTarget "Prototype-Scrol_Yousef_Albalwi" */ = {
			isa = XCConfigurationList;
			buildConfigurations = (
				CA3B60A6276B2F53009B78B0 /* Debug */,
				CA3B60A7276B2F53009B78B0 /* Release */,
			);
			defaultConfigurationIsVisible = 0;
			defaultConfigurationName = Release;
		};
/* End XCConfigurationList section */
	};
	rootObject = CA3B6089276B2F52009B78B0 /* Project object */;
}
